
Microsoft Visual Studio Solution File, Format Version 12.00
# Visual Studio Version 16
VisualStudioVersion = 16.0.29911.84
MinimumVisualStudioVersion = 10.0.40219.1
Project("{FAE04EC0-301F-11D3-BF4B-00C04F79EFBC}") = "ExampleVstoProject", "ExampleVstoProject\ExampleVstoProject.csproj", "{8BC27B66-DD00-4D00-8585-B04807B60A7C}"
EndProject
Project("{9A19103F-16F7-4668-BE54-9A1E7A4F7556}") = "CSharpExcelChangeHandler", "CSharpExcelChangeHandler\CSharpExcelChangeHandler.csproj", "{CD1C2AF3-7889-48A8-AFB0-6A3F3B2461F2}"
EndProject
Project("{9A19103F-16F7-4668-BE54-9A1E7A4F7556}") = "CSharpExcelChangeHandlerTest", "CSharpExcelChangeHandlerTest\CSharpExcelChangeHandlerTest.csproj", "{52D46CC7-B056-4204-A6F8-126ED25E408D}"
EndProject
Global
	GlobalSection(SolutionConfigurationPlatforms) = preSolution
		Debug|Any CPU = Debug|Any CPU
		Release|Any CPU = Release|Any CPU
	EndGlobalSection
	GlobalSection(ProjectConfigurationPlatforms) = postSolution
		{8BC27B66-DD00-4D00-8585-B04807B60A7C}.Debug|Any CPU.ActiveCfg = Debug|Any CPU
		{8BC27B66-DD00-4D00-8585-B04807B60A7C}.Debug|Any CPU.Build.0 = Debug|Any CPU
		{8BC27B66-DD00-4D00-8585-B04807B60A7C}.Release|Any CPU.ActiveCfg = Release|Any CPU
		{CD1C2AF3-7889-48A8-AFB0-6A3F3B2461F2}.Debug|Any CPU.ActiveCfg = Debug|Any CPU
		{CD1C2AF3-7889-48A8-AFB0-6A3F3B2461F2}.Debug|Any CPU.Build.0 = Debug|Any CPU
		{CD1C2AF3-7889-48A8-AFB0-6A3F3B2461F2}.Release|Any CPU.ActiveCfg = Release|Any CPU
		{CD1C2AF3-7889-48A8-AFB0-6A3F3B2461F2}.Release|Any CPU.Build.0 = Release|Any CPU
		{52D46CC7-B056-4204-A6F8-126ED25E408D}.Debug|Any CPU.ActiveCfg = Debug|Any CPU
		{52D46CC7-B056-4204-A6F8-126ED25E408D}.Debug|Any CPU.Build.0 = Debug|Any CPU
		{52D46CC7-B056-4204-A6F8-126ED25E408D}.Release|Any CPU.ActiveCfg = Release|Any CPU
		{52D46CC7-B056-4204-A6F8-126ED25E408D}.Release|Any CPU.Build.0 = Release|Any CPU
	EndGlobalSection
	GlobalSection(SolutionProperties) = preSolution
		HideSolutionNode = FALSE
	EndGlobalSection
	GlobalSection(ExtensibilityGlobals) = postSolution
		SolutionGuid = {AE76933F-9639-416A-8FDD-0262F99D8023}
	EndGlobalSection
EndGlobal
